
Microsoft Visual Studio Solution File, Format Version 12.00
# Visual Studio Version 16
VisualStudioVersion = 16.0.29613.14
MinimumVisualStudioVersion = 10.0.40219.1
Project("{FAE04EC0-301F-11D3-BF4B-00C04F79EFBC}") = "de.df.points.Android", "de.df.points\de.df.points.Android\de.df.points.Android.csproj", "{5AEF125B-9EBA-40A7-B8DF-9C86F349E3D4}"
EndProject
Project("{FAE04EC0-301F-11D3-BF4B-00C04F79EFBC}") = "de.df.points.iOS", "de.df.points\de.df.points.iOS\de.df.points.iOS.csproj", "{82FC8D32-CE0A-49E9-93EE-2038FDB53B9C}"
EndProject
Project("{FAE04EC0-301F-11D3-BF4B-00C04F79EFBC}") = "de.df.points.UWP", "de.df.points\de.df.points.UWP\de.df.points.UWP.csproj", "{2C259D96-22A9-468F-A2D6-4767275C558E}"
EndProject
Project("{9A19103F-16F7-4668-BE54-9A1E7A4F7556}") = "de.df.points", "de.df.points\de.df.points\de.df.points.csproj", "{EB809D32-CE29-45B0-979A-78BF6D2587CE}"
EndProject
Global
	GlobalSection(SolutionConfigurationPlatforms) = preSolution
		Debug|Any CPU = Debug|Any CPU
		Debug|ARM = Debug|ARM
		Debug|iPhone = Debug|iPhone
		Debug|iPhoneSimulator = Debug|iPhoneSimulator
		Debug|x64 = Debug|x64
		Debug|x86 = Debug|x86
		Release|Any CPU = Release|Any CPU
		Release|ARM = Release|ARM
		Release|iPhone = Release|iPhone
		Release|iPhoneSimulator = Release|iPhoneSimulator
		Release|x64 = Release|x64
		Release|x86 = Release|x86
	EndGlobalSection
	GlobalSection(ProjectConfigurationPlatforms) = postSolution
		{5AEF125B-9EBA-40A7-B8DF-9C86F349E3D4}.Debug|Any CPU.ActiveCfg = Debug|Any CPU
		{5AEF125B-9EBA-40A7-B8DF-9C86F349E3D4}.Debug|Any CPU.Build.0 = Debug|Any CPU
		{5AEF125B-9EBA-40A7-B8DF-9C86F349E3D4}.Debug|Any CPU.Deploy.0 = Debug|Any CPU
		{5AEF125B-9EBA-40A7-B8DF-9C86F349E3D4}.Debug|ARM.ActiveCfg = Debug|Any CPU
		{5AEF125B-9EBA-40A7-B8DF-9C86F349E3D4}.Debug|ARM.Build.0 = Debug|Any CPU
		{5AEF125B-9EBA-40A7-B8DF-9C86F349E3D4}.Debug|ARM.Deploy.0 = Debug|Any CPU
		{5AEF125B-9EBA-40A7-B8DF-9C86F349E3D4}.Debug|iPhone.ActiveCfg = Debug|Any CPU
		{5AEF125B-9EBA-40A7-B8DF-9C86F349E3D4}.Debug|iPhone.Build.0 = Debug|Any CPU
		{5AEF125B-9EBA-40A7-B8DF-9C86F349E3D4}.Debug|iPhone.Deploy.0 = Debug|Any CPU
		{5AEF125B-9EBA-40A7-B8DF-9C86F349E3D4}.Debug|iPhoneSimulator.ActiveCfg = Debug|Any CPU
		{5AEF125B-9EBA-40A7-B8DF-9C86F349E3D4}.Debug|iPhoneSimulator.Build.0 = Debug|Any CPU
		{5AEF125B-9EBA-40A7-B8DF-9C86F349E3D4}.Debug|iPhoneSimulator.Deploy.0 = Debug|Any CPU
		{5AEF125B-9EBA-40A7-B8DF-9C86F349E3D4}.Debug|x64.ActiveCfg = Debug|Any CPU
		{5AEF125B-9EBA-40A7-B8DF-9C86F349E3D4}.Debug|x64.Build.0 = Debug|Any CPU
		{5AEF125B-9EBA-40A7-B8DF-9C86F349E3D4}.Debug|x64.Deploy.0 = Debug|Any CPU
		{5AEF125B-9EBA-40A7-B8DF-9C86F349E3D4}.Debug|x86.ActiveCfg = Debug|Any CPU
		{5AEF125B-9EBA-40A7-B8DF-9C86F349E3D4}.Debug|x86.Build.0 = Debug|Any CPU
		{5AEF125B-9EBA-40A7-B8DF-9C86F349E3D4}.Debug|x86.Deploy.0 = Debug|Any CPU
		{5AEF125B-9EBA-40A7-B8DF-9C86F349E3D4}.Release|Any CPU.ActiveCfg = Release|Any CPU
		{5AEF125B-9EBA-40A7-B8DF-9C86F349E3D4}.Release|Any CPU.Build.0 = Release|Any CPU
		{5AEF125B-9EBA-40A7-B8DF-9C86F349E3D4}.Release|Any CPU.Deploy.0 = Release|Any CPU
		{5AEF125B-9EBA-40A7-B8DF-9C86F349E3D4}.Release|ARM.ActiveCfg = Release|Any CPU
		{5AEF125B-9EBA-40A7-B8DF-9C86F349E3D4}.Release|ARM.Build.0 = Release|Any CPU
		{5AEF125B-9EBA-40A7-B8DF-9C86F349E3D4}.Release|ARM.Deploy.0 = Release|Any CPU
		{5AEF125B-9EBA-40A7-B8DF-9C86F349E3D4}.Release|iPhone.ActiveCfg = Release|Any CPU
		{5AEF125B-9EBA-40A7-B8DF-9C86F349E3D4}.Release|iPhone.Build.0 = Release|Any CPU
		{5AEF125B-9EBA-40A7-B8DF-9C86F349E3D4}.Release|iPhone.Deploy.0 = Release|Any CPU
		{5AEF125B-9EBA-40A7-B8DF-9C86F349E3D4}.Release|iPhoneSimulator.ActiveCfg = Release|Any CPU
		{5AEF125B-9EBA-40A7-B8DF-9C86F349E3D4}.Release|iPhoneSimulator.Build.0 = Release|Any CPU
		{5AEF125B-9EBA-40A7-B8DF-9C86F349E3D4}.Release|iPhoneSimulator.Deploy.0 = Release|Any CPU
		{5AEF125B-9EBA-40A7-B8DF-9C86F349E3D4}.Release|x64.ActiveCfg = Release|Any CPU
		{5AEF125B-9EBA-40A7-B8DF-9C86F349E3D4}.Release|x64.Build.0 = Release|Any CPU
		{5AEF125B-9EBA-40A7-B8DF-9C86F349E3D4}.Release|x64.Deploy.0 = Release|Any CPU
		{5AEF125B-9EBA-40A7-B8DF-9C86F349E3D4}.Release|x86.ActiveCfg = Release|Any CPU
		{5AEF125B-9EBA-40A7-B8DF-9C86F349E3D4}.Release|x86.Build.0 = Release|Any CPU
		{5AEF125B-9EBA-40A7-B8DF-9C86F349E3D4}.Release|x86.Deploy.0 = Release|Any CPU
		{82FC8D32-CE0A-49E9-93EE-2038FDB53B9C}.Debug|Any CPU.ActiveCfg = Debug|iPhoneSimulator
		{82FC8D32-CE0A-49E9-93EE-2038FDB53B9C}.Debug|Any CPU.Deploy.0 = Debug|iPhoneSimulator
		{82FC8D32-CE0A-49E9-93EE-2038FDB53B9C}.Debug|ARM.ActiveCfg = Debug|iPhone
		{82FC8D32-CE0A-49E9-93EE-2038FDB53B9C}.Debug|ARM.Build.0 = Debug|iPhone
		{82FC8D32-CE0A-49E9-93EE-2038FDB53B9C}.Debug|ARM.Deploy.0 = Debug|iPhone
		{82FC8D32-CE0A-49E9-93EE-2038FDB53B9C}.Debug|iPhone.ActiveCfg = Debug|iPhone
		{82FC8D32-CE0A-49E9-93EE-2038FDB53B9C}.Debug|iPhone.Build.0 = Debug|iPhone
		{82FC8D32-CE0A-49E9-93EE-2038FDB53B9C}.Debug|iPhone.Deploy.0 = Debug|iPhone
		{82FC8D32-CE0A-49E9-93EE-2038FDB53B9C}.Debug|iPhoneSimulator.ActiveCfg = Debug|iPhoneSimulator
		{82FC8D32-CE0A-49E9-93EE-2038FDB53B9C}.Debug|iPhoneSimulator.Build.0 = Debug|iPhoneSimulator
		{82FC8D32-CE0A-49E9-93EE-2038FDB53B9C}.Debug|iPhoneSimulator.Deploy.0 = Debug|iPhoneSimulator
		{82FC8D32-CE0A-49E9-93EE-2038FDB53B9C}.Debug|x64.ActiveCfg = Debug|iPhone
		{82FC8D32-CE0A-49E9-93EE-2038FDB53B9C}.Debug|x64.Build.0 = Debug|iPhone
		{82FC8D32-CE0A-49E9-93EE-2038FDB53B9C}.Debug|x64.Deploy.0 = Debug|iPhone
		{82FC8D32-CE0A-49E9-93EE-2038FDB53B9C}.Debug|x86.ActiveCfg = Debug|iPhone
		{82FC8D32-CE0A-49E9-93EE-2038FDB53B9C}.Debug|x86.Build.0 = Debug|iPhone
		{82FC8D32-CE0A-49E9-93EE-2038FDB53B9C}.Debug|x86.Deploy.0 = Debug|iPhone
		{82FC8D32-CE0A-49E9-93EE-2038FDB53B9C}.Release|Any CPU.ActiveCfg = Release|iPhone
		{82FC8D32-CE0A-49E9-93EE-2038FDB53B9C}.Release|Any CPU.Deploy.0 = Release|iPhone
		{82FC8D32-CE0A-49E9-93EE-2038FDB53B9C}.Release|ARM.ActiveCfg = Release|iPhone
		{82FC8D32-CE0A-49E9-93EE-2038FDB53B9C}.Release|ARM.Build.0 = Release|iPhone
		{82FC8D32-CE0A-49E9-93EE-2038FDB53B9C}.Release|ARM.Deploy.0 = Release|iPhone
		{82FC8D32-CE0A-49E9-93EE-2038FDB53B9C}.Release|iPhone.ActiveCfg = Release|iPhone
		{82FC8D32-CE0A-49E9-93EE-2038FDB53B9C}.Release|iPhone.Build.0 = Release|iPhone
		{82FC8D32-CE0A-49E9-93EE-2038FDB53B9C}.Release|iPhone.Deploy.0 = Release|iPhone
		{82FC8D32-CE0A-49E9-93EE-2038FDB53B9C}.Release|iPhoneSimulator.ActiveCfg = Release|iPhoneSimulator
		{82FC8D32-CE0A-49E9-93EE-2038FDB53B9C}.Release|iPhoneSimulator.Build.0 = Release|iPhoneSimulator
		{82FC8D32-CE0A-49E9-93EE-2038FDB53B9C}.Release|iPhoneSimulator.Deploy.0 = Release|iPhoneSimulator
		{82FC8D32-CE0A-49E9-93EE-2038FDB53B9C}.Release|x64.ActiveCfg = Release|iPhone
		{82FC8D32-CE0A-49E9-93EE-2038FDB53B9C}.Release|x64.Build.0 = Release|iPhone
		{82FC8D32-CE0A-49E9-93EE-2038FDB53B9C}.Release|x64.Deploy.0 = Release|iPhone
		{82FC8D32-CE0A-49E9-93EE-2038FDB53B9C}.Release|x86.ActiveCfg = Release|iPhone
		{82FC8D32-CE0A-49E9-93EE-2038FDB53B9C}.Release|x86.Deploy.0 = Release|iPhone
		{2C259D96-22A9-468F-A2D6-4767275C558E}.Debug|Any CPU.ActiveCfg = Debug|x86
		{2C259D96-22A9-468F-A2D6-4767275C558E}.Debug|Any CPU.Build.0 = Debug|x86
		{2C259D96-22A9-468F-A2D6-4767275C558E}.Debug|Any CPU.Deploy.0 = Debug|x86
		{2C259D96-22A9-468F-A2D6-4767275C558E}.Debug|ARM.ActiveCfg = Debug|ARM
		{2C259D96-22A9-468F-A2D6-4767275C558E}.Debug|ARM.Build.0 = Debug|ARM
		{2C259D96-22A9-468F-A2D6-4767275C558E}.Debug|iPhone.ActiveCfg = Debug|x86
		{2C259D96-22A9-468F-A2D6-4767275C558E}.Debug|iPhone.Build.0 = Debug|x86
		{2C259D96-22A9-468F-A2D6-4767275C558E}.Debug|iPhone.Deploy.0 = Debug|x86
		{2C259D96-22A9-468F-A2D6-4767275C558E}.Debug|iPhoneSimulator.ActiveCfg = Debug|x86
		{2C259D96-22A9-468F-A2D6-4767275C558E}.Debug|iPhoneSimulator.Build.0 = Debug|x86
		{2C259D96-22A9-468F-A2D6-4767275C558E}.Debug|iPhoneSimulator.Deploy.0 = Debug|x86
		{2C259D96-22A9-468F-A2D6-4767275C558E}.Debug|x64.ActiveCfg = Debug|x64
		{2C259D96-22A9-468F-A2D6-4767275C558E}.Debug|x64.Build.0 = Debug|x64
		{2C259D96-22A9-468F-A2D6-4767275C558E}.Debug|x64.Deploy.0 = Debug|x64
		{2C259D96-22A9-468F-A2D6-4767275C558E}.Debug|x86.ActiveCfg = Debug|x86
		{2C259D96-22A9-468F-A2D6-4767275C558E}.Debug|x86.Build.0 = Debug|x86
		{2C259D96-22A9-468F-A2D6-4767275C558E}.Debug|x86.Deploy.0 = Debug|x86
		{2C259D96-22A9-468F-A2D6-4767275C558E}.Release|Any CPU.ActiveCfg = Release|x86
		{2C259D96-22A9-468F-A2D6-4767275C558E}.Release|Any CPU.Build.0 = Release|x86
		{2C259D96-22A9-468F-A2D6-4767275C558E}.Release|Any CPU.Deploy.0 = Release|x86
		{2C259D96-22A9-468F-A2D6-4767275C558E}.Release|ARM.ActiveCfg = Release|ARM
		{2C259D96-22A9-468F-A2D6-4767275C558E}.Release|ARM.Build.0 = Release|ARM
		{2C259D96-22A9-468F-A2D6-4767275C558E}.Release|ARM.Deploy.0 = Release|ARM
		{2C259D96-22A9-468F-A2D6-4767275C558E}.Release|iPhone.ActiveCfg = Release|x86
		{2C259D96-22A9-468F-A2D6-4767275C558E}.Release|iPhone.Build.0 = Release|x86
		{2C259D96-22A9-468F-A2D6-4767275C558E}.Release|iPhone.Deploy.0 = Release|x86
		{2C259D96-22A9-468F-A2D6-4767275C558E}.Release|iPhoneSimulator.ActiveCfg = Release|x86
		{2C259D96-22A9-468F-A2D6-4767275C558E}.Release|iPhoneSimulator.Build.0 = Release|x86
		{2C259D96-22A9-468F-A2D6-4767275C558E}.Release|iPhoneSimulator.Deploy.0 = Release|x86
		{2C259D96-22A9-468F-A2D6-4767275C558E}.Release|x64.ActiveCfg = Release|x64
		{2C259D96-22A9-468F-A2D6-4767275C558E}.Release|x64.Build.0 = Release|x64
		{2C259D96-22A9-468F-A2D6-4767275C558E}.Release|x64.Deploy.0 = Release|x64
		{2C259D96-22A9-468F-A2D6-4767275C558E}.Release|x86.ActiveCfg = Release|x86
		{2C259D96-22A9-468F-A2D6-4767275C558E}.Release|x86.Build.0 = Release|x86
		{2C259D96-22A9-468F-A2D6-4767275C558E}.Release|x86.Deploy.0 = Release|x86
		{EB809D32-CE29-45B0-979A-78BF6D2587CE}.Debug|Any CPU.ActiveCfg = Debug|Any CPU
		{EB809D32-CE29-45B0-979A-78BF6D2587CE}.Debug|Any CPU.Build.0 = Debug|Any CPU
		{EB809D32-CE29-45B0-979A-78BF6D2587CE}.Debug|Any CPU.Deploy.0 = Debug|Any CPU
		{EB809D32-CE29-45B0-979A-78BF6D2587CE}.Debug|ARM.ActiveCfg = Debug|Any CPU
		{EB809D32-CE29-45B0-979A-78BF6D2587CE}.Debug|ARM.Build.0 = Debug|Any CPU
		{EB809D32-CE29-45B0-979A-78BF6D2587CE}.Debug|ARM.Deploy.0 = Debug|Any CPU
		{EB809D32-CE29-45B0-979A-78BF6D2587CE}.Debug|iPhone.ActiveCfg = Debug|Any CPU
		{EB809D32-CE29-45B0-979A-78BF6D2587CE}.Debug|iPhone.Build.0 = Debug|Any CPU
		{EB809D32-CE29-45B0-979A-78BF6D2587CE}.Debug|iPhone.Deploy.0 = Debug|Any CPU
		{EB809D32-CE29-45B0-979A-78BF6D2587CE}.Debug|iPhoneSimulator.ActiveCfg = Debug|Any CPU
		{EB809D32-CE29-45B0-979A-78BF6D2587CE}.Debug|iPhoneSimulator.Build.0 = Debug|Any CPU
		{EB809D32-CE29-45B0-979A-78BF6D2587CE}.Debug|iPhoneSimulator.Deploy.0 = Debug|Any CPU
		{EB809D32-CE29-45B0-979A-78BF6D2587CE}.Debug|x64.ActiveCfg = Debug|Any CPU
		{EB809D32-CE29-45B0-979A-78BF6D2587CE}.Debug|x64.Build.0 = Debug|Any CPU
		{EB809D32-CE29-45B0-979A-78BF6D2587CE}.Debug|x64.Deploy.0 = Debug|Any CPU
		{EB809D32-CE29-45B0-979A-78BF6D2587CE}.Debug|x86.ActiveCfg = Debug|Any CPU
		{EB809D32-CE29-45B0-979A-78BF6D2587CE}.Debug|x86.Build.0 = Debug|Any CPU
		{EB809D32-CE29-45B0-979A-78BF6D2587CE}.Debug|x86.Deploy.0 = Debug|Any CPU
		{EB809D32-CE29-45B0-979A-78BF6D2587CE}.Release|Any CPU.ActiveCfg = Release|Any CPU
		{EB809D32-CE29-45B0-979A-78BF6D2587CE}.Release|Any CPU.Build.0 = Release|Any CPU
		{EB809D32-CE29-45B0-979A-78BF6D2587CE}.Release|Any CPU.Deploy.0 = Release|Any CPU
		{EB809D32-CE29-45B0-979A-78BF6D2587CE}.Release|ARM.ActiveCfg = Release|Any CPU
		{EB809D32-CE29-45B0-979A-78BF6D2587CE}.Release|ARM.Build.0 = Release|Any CPU
		{EB809D32-CE29-45B0-979A-78BF6D2587CE}.Release|ARM.Deploy.0 = Release|Any CPU
		{EB809D32-CE29-45B0-979A-78BF6D2587CE}.Release|iPhone.ActiveCfg = Release|Any CPU
		{EB809D32-CE29-45B0-979A-78BF6D2587CE}.Release|iPhone.Build.0 = Release|Any CPU
		{EB809D32-CE29-45B0-979A-78BF6D2587CE}.Release|iPhone.Deploy.0 = Release|Any CPU
		{EB809D32-CE29-45B0-979A-78BF6D2587CE}.Release|iPhoneSimulator.ActiveCfg = Release|Any CPU
		{EB809D32-CE29-45B0-979A-78BF6D2587CE}.Release|iPhoneSimulator.Build.0 = Release|Any CPU
		{EB809D32-CE29-45B0-979A-78BF6D2587CE}.Release|iPhoneSimulator.Deploy.0 = Release|Any CPU
		{EB809D32-CE29-45B0-979A-78BF6D2587CE}.Release|x64.ActiveCfg = Release|Any CPU
		{EB809D32-CE29-45B0-979A-78BF6D2587CE}.Release|x64.Build.0 = Release|Any CPU
		{EB809D32-CE29-45B0-979A-78BF6D2587CE}.Release|x64.Deploy.0 = Release|Any CPU
		{EB809D32-CE29-45B0-979A-78BF6D2587CE}.Release|x86.ActiveCfg = Release|Any CPU
		{EB809D32-CE29-45B0-979A-78BF6D2587CE}.Release|x86.Build.0 = Release|Any CPU
		{EB809D32-CE29-45B0-979A-78BF6D2587CE}.Release|x86.Deploy.0 = Release|Any CPU
	EndGlobalSection
	GlobalSection(SolutionProperties) = preSolution
		HideSolutionNode = FALSE
	EndGlobalSection
	GlobalSection(ExtensibilityGlobals) = postSolution
		SolutionGuid = {742CEA39-E309-4C7B-B5BE-85F915184DA8}
	EndGlobalSection
EndGlobal
